
Microsoft Visual Studio Solution File, Format Version 12.00
# Visual Studio 15
VisualStudioVersion = 15.0.27004.2010
MinimumVisualStudioVersion = 10.0.40219.1
Project("{FAE04EC0-301F-11D3-BF4B-00C04F79EFBC}") = "neo-gui", "neo-gui\neo-gui.csproj", "{CFC243F0-F4E3-4754-8E21-8BA17E1C1788}"
	ProjectSection(ProjectDependencies) = postProject
		{671F4FD5-65C7-4F0E-BD10-1A16639D1610} = {671F4FD5-65C7-4F0E-BD10-1A16639D1610}
	EndProjectSection
EndProject
Project("{9A19103F-16F7-4668-BE54-9A1E7A4F7556}") = "neo", "neo\neo.csproj", "{6C7A8A35-58BA-45BE-A0D6-8F220B3FF2DF}"
EndProject
Project("{2150E333-8FDC-42A3-9474-1A3956D46DE8}") = "libs", "libs", "{3E0D4DCE-E2BD-4C2A-B1AC-6DA5053E782F}"
EndProject
Project("{9A19103F-16F7-4668-BE54-9A1E7A4F7556}") = "neo-vm", "neo-vm\neo-vm.csproj", "{779622D1-C4DC-4B7C-BA3C-0F08CBA07B07}"
EndProject
Project("{FAE04EC0-301F-11D3-BF4B-00C04F79EFBC}") = "neo-gui_pluginframework", "neo-gui_pluginframework\neo-gui_pluginframework.csproj", "{F3166EDF-72D3-4301-947F-F66C211AC2FB}"
EndProject
Project("{FAE04EC0-301F-11D3-BF4B-00C04F79EFBC}") = "plugin_sample", "sample_plugin\plugin_sample.csproj", "{813327DC-FFDF-4FF5-BD75-5FA6E988FABF}"
EndProject
Project("{FAE04EC0-301F-11D3-BF4B-00C04F79EFBC}") = "plugin_seestorage", "plugin_seestorage\plugin_seestorage.csproj", "{A4DF07A6-FDF8-418E-A887-654608FD711C}"
EndProject
Project("{FAE04EC0-301F-11D3-BF4B-00C04F79EFBC}") = "plugin_nns", "plugin_nns\plugin_nns.csproj", "{671F4FD5-65C7-4F0E-BD10-1A16639D1610}"
EndProject
Project("{FAE04EC0-301F-11D3-BF4B-00C04F79EFBC}") = "SevenZip", "SevenZip\SevenZip.csproj", "{4960DD14-3431-47EC-B9D9-9D2730A98DC3}"
EndProject
Project("{2150E333-8FDC-42A3-9474-1A3956D46DE8}") = "plugin_gui", "plugin_gui", "{69BD58D7-E64C-433D-9982-C7CFB6F1A327}"
EndProject
Project("{9A19103F-16F7-4668-BE54-9A1E7A4F7556}") = "neo-cli", "neo-cli\neo-cli.csproj", "{57E714E6-DDCF-4586-B625-3996402CDB76}"
EndProject
Global
	GlobalSection(SolutionConfigurationPlatforms) = preSolution
		Debug|Any CPU = Debug|Any CPU
		Deploy|Any CPU = Deploy|Any CPU
		Release|Any CPU = Release|Any CPU
	EndGlobalSection
	GlobalSection(ProjectConfigurationPlatforms) = postSolution
		{CFC243F0-F4E3-4754-8E21-8BA17E1C1788}.Debug|Any CPU.ActiveCfg = Debug|Any CPU
		{CFC243F0-F4E3-4754-8E21-8BA17E1C1788}.Debug|Any CPU.Build.0 = Debug|Any CPU
		{CFC243F0-F4E3-4754-8E21-8BA17E1C1788}.Deploy|Any CPU.ActiveCfg = Debug|Any CPU
		{CFC243F0-F4E3-4754-8E21-8BA17E1C1788}.Deploy|Any CPU.Build.0 = Debug|Any CPU
		{CFC243F0-F4E3-4754-8E21-8BA17E1C1788}.Release|Any CPU.ActiveCfg = Release|Any CPU
		{CFC243F0-F4E3-4754-8E21-8BA17E1C1788}.Release|Any CPU.Build.0 = Release|Any CPU
		{6C7A8A35-58BA-45BE-A0D6-8F220B3FF2DF}.Debug|Any CPU.ActiveCfg = Debug|Any CPU
		{6C7A8A35-58BA-45BE-A0D6-8F220B3FF2DF}.Debug|Any CPU.Build.0 = Debug|Any CPU
		{6C7A8A35-58BA-45BE-A0D6-8F220B3FF2DF}.Deploy|Any CPU.ActiveCfg = Debug|Any CPU
		{6C7A8A35-58BA-45BE-A0D6-8F220B3FF2DF}.Deploy|Any CPU.Build.0 = Debug|Any CPU
		{6C7A8A35-58BA-45BE-A0D6-8F220B3FF2DF}.Release|Any CPU.ActiveCfg = Release|Any CPU
		{6C7A8A35-58BA-45BE-A0D6-8F220B3FF2DF}.Release|Any CPU.Build.0 = Release|Any CPU
		{779622D1-C4DC-4B7C-BA3C-0F08CBA07B07}.Debug|Any CPU.ActiveCfg = Debug|Any CPU
		{779622D1-C4DC-4B7C-BA3C-0F08CBA07B07}.Debug|Any CPU.Build.0 = Debug|Any CPU
		{779622D1-C4DC-4B7C-BA3C-0F08CBA07B07}.Deploy|Any CPU.ActiveCfg = Debug|Any CPU
		{779622D1-C4DC-4B7C-BA3C-0F08CBA07B07}.Deploy|Any CPU.Build.0 = Debug|Any CPU
		{779622D1-C4DC-4B7C-BA3C-0F08CBA07B07}.Release|Any CPU.ActiveCfg = Release|Any CPU
		{779622D1-C4DC-4B7C-BA3C-0F08CBA07B07}.Release|Any CPU.Build.0 = Release|Any CPU
		{F3166EDF-72D3-4301-947F-F66C211AC2FB}.Debug|Any CPU.ActiveCfg = Debug|Any CPU
		{F3166EDF-72D3-4301-947F-F66C211AC2FB}.Debug|Any CPU.Build.0 = Debug|Any CPU
		{F3166EDF-72D3-4301-947F-F66C211AC2FB}.Deploy|Any CPU.ActiveCfg = Debug|Any CPU
		{F3166EDF-72D3-4301-947F-F66C211AC2FB}.Deploy|Any CPU.Build.0 = Debug|Any CPU
		{F3166EDF-72D3-4301-947F-F66C211AC2FB}.Release|Any CPU.ActiveCfg = Release|Any CPU
		{F3166EDF-72D3-4301-947F-F66C211AC2FB}.Release|Any CPU.Build.0 = Release|Any CPU
		{813327DC-FFDF-4FF5-BD75-5FA6E988FABF}.Debug|Any CPU.ActiveCfg = Debug|Any CPU
		{813327DC-FFDF-4FF5-BD75-5FA6E988FABF}.Debug|Any CPU.Build.0 = Debug|Any CPU
		{813327DC-FFDF-4FF5-BD75-5FA6E988FABF}.Deploy|Any CPU.ActiveCfg = Debug|Any CPU
		{813327DC-FFDF-4FF5-BD75-5FA6E988FABF}.Deploy|Any CPU.Build.0 = Debug|Any CPU
		{813327DC-FFDF-4FF5-BD75-5FA6E988FABF}.Release|Any CPU.ActiveCfg = Release|Any CPU
		{813327DC-FFDF-4FF5-BD75-5FA6E988FABF}.Release|Any CPU.Build.0 = Release|Any CPU
		{A4DF07A6-FDF8-418E-A887-654608FD711C}.Debug|Any CPU.ActiveCfg = Debug|Any CPU
		{A4DF07A6-FDF8-418E-A887-654608FD711C}.Debug|Any CPU.Build.0 = Debug|Any CPU
		{A4DF07A6-FDF8-418E-A887-654608FD711C}.Deploy|Any CPU.ActiveCfg = Debug|Any CPU
		{A4DF07A6-FDF8-418E-A887-654608FD711C}.Deploy|Any CPU.Build.0 = Debug|Any CPU
		{A4DF07A6-FDF8-418E-A887-654608FD711C}.Release|Any CPU.ActiveCfg = Release|Any CPU
		{A4DF07A6-FDF8-418E-A887-654608FD711C}.Release|Any CPU.Build.0 = Release|Any CPU
		{671F4FD5-65C7-4F0E-BD10-1A16639D1610}.Debug|Any CPU.ActiveCfg = Debug|Any CPU
		{671F4FD5-65C7-4F0E-BD10-1A16639D1610}.Debug|Any CPU.Build.0 = Debug|Any CPU
		{671F4FD5-65C7-4F0E-BD10-1A16639D1610}.Deploy|Any CPU.ActiveCfg = Debug|Any CPU
		{671F4FD5-65C7-4F0E-BD10-1A16639D1610}.Deploy|Any CPU.Build.0 = Debug|Any CPU
		{671F4FD5-65C7-4F0E-BD10-1A16639D1610}.Release|Any CPU.ActiveCfg = Release|Any CPU
		{671F4FD5-65C7-4F0E-BD10-1A16639D1610}.Release|Any CPU.Build.0 = Release|Any CPU
		{4960DD14-3431-47EC-B9D9-9D2730A98DC3}.Debug|Any CPU.ActiveCfg = Debug|Any CPU
		{4960DD14-3431-47EC-B9D9-9D2730A98DC3}.Debug|Any CPU.Build.0 = Debug|Any CPU
		{4960DD14-3431-47EC-B9D9-9D2730A98DC3}.Deploy|Any CPU.ActiveCfg = Deploy|Any CPU
		{4960DD14-3431-47EC-B9D9-9D2730A98DC3}.Deploy|Any CPU.Build.0 = Deploy|Any CPU
		{4960DD14-3431-47EC-B9D9-9D2730A98DC3}.Release|Any CPU.ActiveCfg = Release|Any CPU
		{4960DD14-3431-47EC-B9D9-9D2730A98DC3}.Release|Any CPU.Build.0 = Release|Any CPU
		{57E714E6-DDCF-4586-B625-3996402CDB76}.Debug|Any CPU.ActiveCfg = Debug|Any CPU
		{57E714E6-DDCF-4586-B625-3996402CDB76}.Debug|Any CPU.Build.0 = Debug|Any CPU
		{57E714E6-DDCF-4586-B625-3996402CDB76}.Deploy|Any CPU.ActiveCfg = Debug|Any CPU
		{57E714E6-DDCF-4586-B625-3996402CDB76}.Deploy|Any CPU.Build.0 = Debug|Any CPU
		{57E714E6-DDCF-4586-B625-3996402CDB76}.Release|Any CPU.ActiveCfg = Release|Any CPU
		{57E714E6-DDCF-4586-B625-3996402CDB76}.Release|Any CPU.Build.0 = Release|Any CPU
	EndGlobalSection
	GlobalSection(SolutionProperties) = preSolution
		HideSolutionNode = FALSE
	EndGlobalSection
	GlobalSection(NestedProjects) = preSolution
		{6C7A8A35-58BA-45BE-A0D6-8F220B3FF2DF} = {3E0D4DCE-E2BD-4C2A-B1AC-6DA5053E782F}
		{779622D1-C4DC-4B7C-BA3C-0F08CBA07B07} = {3E0D4DCE-E2BD-4C2A-B1AC-6DA5053E782F}
		{F3166EDF-72D3-4301-947F-F66C211AC2FB} = {69BD58D7-E64C-433D-9982-C7CFB6F1A327}
		{813327DC-FFDF-4FF5-BD75-5FA6E988FABF} = {69BD58D7-E64C-433D-9982-C7CFB6F1A327}
		{A4DF07A6-FDF8-418E-A887-654608FD711C} = {69BD58D7-E64C-433D-9982-C7CFB6F1A327}
		{671F4FD5-65C7-4F0E-BD10-1A16639D1610} = {69BD58D7-E64C-433D-9982-C7CFB6F1A327}
		{4960DD14-3431-47EC-B9D9-9D2730A98DC3} = {3E0D4DCE-E2BD-4C2A-B1AC-6DA5053E782F}
	EndGlobalSection
	GlobalSection(ExtensibilityGlobals) = postSolution
		SolutionGuid = {4963D7FB-4234-4061-94AE-E5209B118FDB}
	EndGlobalSection
EndGlobal
